
Microsoft Visual Studio Solution File, Format Version 12.00
# Visual Studio 2013
VisualStudioVersion = 12.0.31101.0
MinimumVisualStudioVersion = 10.0.40219.1
Project("{FAE04EC0-301F-11D3-BF4B-00C04F79EFBC}") = "Duality", "Duality\Duality.csproj", "{D821AFB9-BCC9-4025-9A9C-798E2BC546AB}"
EndProject
Project("{FAE04EC0-301F-11D3-BF4B-00C04F79EFBC}") = "DualityLauncher", "DualityLauncher\DualityLauncher.csproj", "{60AFE733-4F2A-4045-B829-ED3E9612D5BC}"
EndProject
Project("{FAE04EC0-301F-11D3-BF4B-00C04F79EFBC}") = "DualityTests", "UnitTesting\DualityTests\DualityTests.csproj", "{0C1B88A8-4FF3-43D3-9BC6-E71DBB561075}"
EndProject
Project("{FAE04EC0-301F-11D3-BF4B-00C04F79EFBC}") = "DualityPrimitives", "DualityPrimitives\DualityPrimitives.csproj", "{C87A6A2F-E537-48FA-A789-3C54CF29CC09}"
EndProject
Project("{FAE04EC0-301F-11D3-BF4B-00C04F79EFBC}") = "DotNetFramework.Core", "Backend\DotNetFramework\DotNetFramework.Core.csproj", "{FDA91F3F-1626-4E41-A1FC-2C3F45754CE4}"
EndProject
Project("{FAE04EC0-301F-11D3-BF4B-00C04F79EFBC}") = "DefaultOpenTK.Core", "Backend\DefaultOpenTK\DefaultOpenTK.Core.csproj", "{35045E2E-7748-4D1D-BE05-BF72A19C295F}"
EndProject
Project("{2150E333-8FDC-42A3-9474-1A3956D46DE8}") = "Core", "Core", "{FC08D0D6-612E-4AD2-950C-8E9BA895D5D1}"
EndProject
Project("{2150E333-8FDC-42A3-9474-1A3956D46DE8}") = "Tests", "Tests", "{8FDD8383-2136-4735-90E0-649E943457DF}"
EndProject
Project("{2150E333-8FDC-42A3-9474-1A3956D46DE8}") = "Launcher", "Launcher", "{2F8B8ADF-0BBE-4D8F-AABC-A46E9A5CF6CB}"
EndProject
Project("{2150E333-8FDC-42A3-9474-1A3956D46DE8}") = "Backend", "Backend", "{D861958F-A39E-4ED5-BDDD-D13687175B8D}"
EndProject
Global
	GlobalSection(SolutionConfigurationPlatforms) = preSolution
		Debug|Any CPU = Debug|Any CPU
		Release|Any CPU = Release|Any CPU
	EndGlobalSection
	GlobalSection(ProjectConfigurationPlatforms) = postSolution
		{D821AFB9-BCC9-4025-9A9C-798E2BC546AB}.Debug|Any CPU.ActiveCfg = Debug|Any CPU
		{D821AFB9-BCC9-4025-9A9C-798E2BC546AB}.Debug|Any CPU.Build.0 = Debug|Any CPU
		{D821AFB9-BCC9-4025-9A9C-798E2BC546AB}.Release|Any CPU.ActiveCfg = Release|Any CPU
		{D821AFB9-BCC9-4025-9A9C-798E2BC546AB}.Release|Any CPU.Build.0 = Release|Any CPU
		{60AFE733-4F2A-4045-B829-ED3E9612D5BC}.Debug|Any CPU.ActiveCfg = Debug|Any CPU
		{60AFE733-4F2A-4045-B829-ED3E9612D5BC}.Debug|Any CPU.Build.0 = Debug|Any CPU
		{60AFE733-4F2A-4045-B829-ED3E9612D5BC}.Release|Any CPU.ActiveCfg = Release|Any CPU
		{60AFE733-4F2A-4045-B829-ED3E9612D5BC}.Release|Any CPU.Build.0 = Release|Any CPU
		{0C1B88A8-4FF3-43D3-9BC6-E71DBB561075}.Debug|Any CPU.ActiveCfg = Debug|Any CPU
		{0C1B88A8-4FF3-43D3-9BC6-E71DBB561075}.Debug|Any CPU.Build.0 = Debug|Any CPU
		{0C1B88A8-4FF3-43D3-9BC6-E71DBB561075}.Release|Any CPU.ActiveCfg = Release|Any CPU
		{0C1B88A8-4FF3-43D3-9BC6-E71DBB561075}.Release|Any CPU.Build.0 = Release|Any CPU
		{C87A6A2F-E537-48FA-A789-3C54CF29CC09}.Debug|Any CPU.ActiveCfg = Debug|Any CPU
		{C87A6A2F-E537-48FA-A789-3C54CF29CC09}.Debug|Any CPU.Build.0 = Debug|Any CPU
		{C87A6A2F-E537-48FA-A789-3C54CF29CC09}.Release|Any CPU.ActiveCfg = Release|Any CPU
		{C87A6A2F-E537-48FA-A789-3C54CF29CC09}.Release|Any CPU.Build.0 = Release|Any CPU
		{FDA91F3F-1626-4E41-A1FC-2C3F45754CE4}.Debug|Any CPU.ActiveCfg = Debug|Any CPU
		{FDA91F3F-1626-4E41-A1FC-2C3F45754CE4}.Debug|Any CPU.Build.0 = Debug|Any CPU
		{FDA91F3F-1626-4E41-A1FC-2C3F45754CE4}.Release|Any CPU.ActiveCfg = Release|Any CPU
		{FDA91F3F-1626-4E41-A1FC-2C3F45754CE4}.Release|Any CPU.Build.0 = Release|Any CPU
		{35045E2E-7748-4D1D-BE05-BF72A19C295F}.Debug|Any CPU.ActiveCfg = Debug|Any CPU
		{35045E2E-7748-4D1D-BE05-BF72A19C295F}.Debug|Any CPU.Build.0 = Debug|Any CPU
		{35045E2E-7748-4D1D-BE05-BF72A19C295F}.Release|Any CPU.ActiveCfg = Release|Any CPU
		{35045E2E-7748-4D1D-BE05-BF72A19C295F}.Release|Any CPU.Build.0 = Release|Any CPU
	EndGlobalSection
	GlobalSection(SolutionProperties) = preSolution
		HideSolutionNode = FALSE
	EndGlobalSection
	GlobalSection(NestedProjects) = preSolution
		{D821AFB9-BCC9-4025-9A9C-798E2BC546AB} = {FC08D0D6-612E-4AD2-950C-8E9BA895D5D1}
		{60AFE733-4F2A-4045-B829-ED3E9612D5BC} = {2F8B8ADF-0BBE-4D8F-AABC-A46E9A5CF6CB}
		{0C1B88A8-4FF3-43D3-9BC6-E71DBB561075} = {8FDD8383-2136-4735-90E0-649E943457DF}
		{C87A6A2F-E537-48FA-A789-3C54CF29CC09} = {FC08D0D6-612E-4AD2-950C-8E9BA895D5D1}
		{FDA91F3F-1626-4E41-A1FC-2C3F45754CE4} = {D861958F-A39E-4ED5-BDDD-D13687175B8D}
		{35045E2E-7748-4D1D-BE05-BF72A19C295F} = {D861958F-A39E-4ED5-BDDD-D13687175B8D}
		{8FDD8383-2136-4735-90E0-649E943457DF} = {FC08D0D6-612E-4AD2-950C-8E9BA895D5D1}
		{D861958F-A39E-4ED5-BDDD-D13687175B8D} = {FC08D0D6-612E-4AD2-950C-8E9BA895D5D1}
	EndGlobalSection
EndGlobal
