
Microsoft Visual Studio Solution File, Format Version 12.00
# Visual Studio 2013
Project("{FAE04EC0-301F-11D3-BF4B-00C04F79EFBC}") = "CorePlugin", "CorePlugin\CorePlugin.csproj", "{AFE883F3-72B4-4C7C-A1D1-44EDC09C8F6E}"
EndProject
Global
	GlobalSection(SolutionConfigurationPlatforms) = preSolution
		Debug|Any CPU = Debug|Any CPU
		Release|Any CPU = Release|Any CPU
	EndGlobalSection
	GlobalSection(ProjectConfigurationPlatforms) = postSolution
		{AFE883F3-72B4-4C7C-A1D1-44EDC09C8F6E}.Debug|Any CPU.ActiveCfg = Debug|Any CPU
		{AFE883F3-72B4-4C7C-A1D1-44EDC09C8F6E}.Debug|Any CPU.Build.0 = Debug|Any CPU
		{AFE883F3-72B4-4C7C-A1D1-44EDC09C8F6E}.Release|Any CPU.ActiveCfg = Release|Any CPU
		{AFE883F3-72B4-4C7C-A1D1-44EDC09C8F6E}.Release|Any CPU.Build.0 = Release|Any CPU
	EndGlobalSection
	GlobalSection(SolutionProperties) = preSolution
		HideSolutionNode = FALSE
	EndGlobalSection
EndGlobal
