
Microsoft Visual Studio Solution File, Format Version 11.00
# Visual Studio 2010
Project("{FAE04EC0-301F-11D3-BF4B-00C04F79EFBC}") = "Aga.Controls", "treeviewadv\Aga.Controls\Aga.Controls.csproj", "{E73BB233-D88B-44A7-A98F-D71EE158381D}"
EndProject
Project("{FAE04EC0-301F-11D3-BF4B-00C04F79EFBC}") = "TestApp", "treeviewadv\TestApp\TestApp.csproj", "{55F35829-D4B1-4368-83D7-4F72628CA0D3}"
EndProject
Project("{2150E333-8FDC-42A3-9474-1A3956D46DE8}") = "treeviewadv", "treeviewadv", "{85E71802-A3F1-472E-A3AF-D660433C1135}"
EndProject
Project("{FAE04EC0-301F-11D3-BF4B-00C04F79EFBC}") = "FarseerOpenTK", "Farseer\FarseerOpenTK\FarseerOpenTK.csproj", "{AC4AD95C-B497-4466-AC90-CF9260279400}"
EndProject
Project("{FAE04EC0-301F-11D3-BF4B-00C04F79EFBC}") = "OpenTK", "OpenTK\Source\OpenTK\OpenTK.csproj", "{A37A7E14-0000-0000-0000-000000000000}"
EndProject
Project("{FAE04EC0-301F-11D3-BF4B-00C04F79EFBC}") = "OpenTK.GLControl", "OpenTK\Source\GLControl\OpenTK.GLControl.csproj", "{A625BE88-0000-0000-0000-000000000000}"
EndProject
Project("{2150E333-8FDC-42A3-9474-1A3956D46DE8}") = "propertygrid", "propertygrid", "{7CC724E8-2578-413F-8DF2-CDE916303956}"
EndProject
Project("{FAE04EC0-301F-11D3-BF4B-00C04F79EFBC}") = "CustomPropertyGrid", "propertygrid\CustomPropertyGrid\CustomPropertyGrid.csproj", "{44E2FD11-C687-41ED-B72F-1A4C92479EDC}"
EndProject
Project("{FAE04EC0-301F-11D3-BF4B-00C04F79EFBC}") = "TestApp", "propertygrid\TestApp\TestApp\TestApp.csproj", "{B94AF907-0915-4430-BC49-05BA5091D2AB}"
EndProject
Project("{2150E333-8FDC-42A3-9474-1A3956D46DE8}") = "Solution Items", "Solution Items", "{698AA530-4A62-4756-8979-D241857813BD}"
EndProject
Project("{FAE04EC0-301F-11D3-BF4B-00C04F79EFBC}") = "WinFormsUI", "WinFormsUI\Source\WinFormsUI.csproj", "{C75532C4-765B-418E-B09B-46D36B2ABDB1}"
EndProject
Global
	GlobalSection(SolutionConfigurationPlatforms) = preSolution
		Debug|Any CPU = Debug|Any CPU
		Release|Any CPU = Release|Any CPU
	EndGlobalSection
	GlobalSection(ProjectConfigurationPlatforms) = postSolution
		{E73BB233-D88B-44A7-A98F-D71EE158381D}.Debug|Any CPU.ActiveCfg = Debug|Any CPU
		{E73BB233-D88B-44A7-A98F-D71EE158381D}.Debug|Any CPU.Build.0 = Debug|Any CPU
		{E73BB233-D88B-44A7-A98F-D71EE158381D}.Release|Any CPU.ActiveCfg = Release|Any CPU
		{E73BB233-D88B-44A7-A98F-D71EE158381D}.Release|Any CPU.Build.0 = Release|Any CPU
		{55F35829-D4B1-4368-83D7-4F72628CA0D3}.Debug|Any CPU.ActiveCfg = Debug|Any CPU
		{55F35829-D4B1-4368-83D7-4F72628CA0D3}.Debug|Any CPU.Build.0 = Debug|Any CPU
		{55F35829-D4B1-4368-83D7-4F72628CA0D3}.Release|Any CPU.ActiveCfg = Release|Any CPU
		{55F35829-D4B1-4368-83D7-4F72628CA0D3}.Release|Any CPU.Build.0 = Release|Any CPU
		{AC4AD95C-B497-4466-AC90-CF9260279400}.Debug|Any CPU.ActiveCfg = Debug|Any CPU
		{AC4AD95C-B497-4466-AC90-CF9260279400}.Debug|Any CPU.Build.0 = Debug|Any CPU
		{AC4AD95C-B497-4466-AC90-CF9260279400}.Release|Any CPU.ActiveCfg = Release|Any CPU
		{AC4AD95C-B497-4466-AC90-CF9260279400}.Release|Any CPU.Build.0 = Release|Any CPU
		{A37A7E14-0000-0000-0000-000000000000}.Debug|Any CPU.ActiveCfg = Debug|Any CPU
		{A37A7E14-0000-0000-0000-000000000000}.Debug|Any CPU.Build.0 = Debug|Any CPU
		{A37A7E14-0000-0000-0000-000000000000}.Release|Any CPU.ActiveCfg = Release|Any CPU
		{A37A7E14-0000-0000-0000-000000000000}.Release|Any CPU.Build.0 = Release|Any CPU
		{A625BE88-0000-0000-0000-000000000000}.Debug|Any CPU.ActiveCfg = Debug|Any CPU
		{A625BE88-0000-0000-0000-000000000000}.Debug|Any CPU.Build.0 = Debug|Any CPU
		{A625BE88-0000-0000-0000-000000000000}.Release|Any CPU.ActiveCfg = Release|Any CPU
		{A625BE88-0000-0000-0000-000000000000}.Release|Any CPU.Build.0 = Release|Any CPU
		{44E2FD11-C687-41ED-B72F-1A4C92479EDC}.Debug|Any CPU.ActiveCfg = Debug|Any CPU
		{44E2FD11-C687-41ED-B72F-1A4C92479EDC}.Debug|Any CPU.Build.0 = Debug|Any CPU
		{44E2FD11-C687-41ED-B72F-1A4C92479EDC}.Release|Any CPU.ActiveCfg = Release|Any CPU
		{44E2FD11-C687-41ED-B72F-1A4C92479EDC}.Release|Any CPU.Build.0 = Release|Any CPU
		{B94AF907-0915-4430-BC49-05BA5091D2AB}.Debug|Any CPU.ActiveCfg = Debug|Any CPU
		{B94AF907-0915-4430-BC49-05BA5091D2AB}.Debug|Any CPU.Build.0 = Debug|Any CPU
		{B94AF907-0915-4430-BC49-05BA5091D2AB}.Release|Any CPU.ActiveCfg = Release|Any CPU
		{B94AF907-0915-4430-BC49-05BA5091D2AB}.Release|Any CPU.Build.0 = Release|Any CPU
		{C75532C4-765B-418E-B09B-46D36B2ABDB1}.Debug|Any CPU.ActiveCfg = Debug|Any CPU
		{C75532C4-765B-418E-B09B-46D36B2ABDB1}.Debug|Any CPU.Build.0 = Debug|Any CPU
		{C75532C4-765B-418E-B09B-46D36B2ABDB1}.Release|Any CPU.ActiveCfg = Release|Any CPU
		{C75532C4-765B-418E-B09B-46D36B2ABDB1}.Release|Any CPU.Build.0 = Release|Any CPU
	EndGlobalSection
	GlobalSection(SolutionProperties) = preSolution
		HideSolutionNode = FALSE
	EndGlobalSection
	GlobalSection(NestedProjects) = preSolution
		{55F35829-D4B1-4368-83D7-4F72628CA0D3} = {85E71802-A3F1-472E-A3AF-D660433C1135}
		{E73BB233-D88B-44A7-A98F-D71EE158381D} = {85E71802-A3F1-472E-A3AF-D660433C1135}
		{44E2FD11-C687-41ED-B72F-1A4C92479EDC} = {7CC724E8-2578-413F-8DF2-CDE916303956}
		{B94AF907-0915-4430-BC49-05BA5091D2AB} = {7CC724E8-2578-413F-8DF2-CDE916303956}
	EndGlobalSection
EndGlobal
