
Microsoft Visual Studio Solution File, Format Version 11.00
# Visual Studio 2010
Project("{FAE04EC0-301F-11D3-BF4B-00C04F79EFBC}") = "WinFormsUI", "DockPanelSuite\WinFormsUI\WinFormsUI.csproj", "{C75532C4-765B-418E-B09B-46D36B2ABDB1}"
EndProject
Project("{FAE04EC0-301F-11D3-BF4B-00C04F79EFBC}") = "SolutionPostBuild", "SolutionPostBuild\SolutionPostBuild.csproj", "{9C5AE4B9-23AB-41D1-A8B2-D139E3C17181}"
	ProjectSection(ProjectDependencies) = postProject
		{44E2FD11-C687-41ED-B72F-1A4C92479EDC} = {44E2FD11-C687-41ED-B72F-1A4C92479EDC}
		{A37A7E14-0000-0000-0000-000000000000} = {A37A7E14-0000-0000-0000-000000000000}
		{E73BB233-D88B-44A7-A98F-D71EE158381D} = {E73BB233-D88B-44A7-A98F-D71EE158381D}
		{AC4AD95C-B497-4466-AC90-CF9260279400} = {AC4AD95C-B497-4466-AC90-CF9260279400}
		{A625BE88-0000-0000-0000-000000000000} = {A625BE88-0000-0000-0000-000000000000}
		{A372E591-DFEF-49C4-9C82-98C4361EFCCD} = {A372E591-DFEF-49C4-9C82-98C4361EFCCD}
		{C75532C4-765B-418E-B09B-46D36B2ABDB1} = {C75532C4-765B-418E-B09B-46D36B2ABDB1}
	EndProjectSection
EndProject
Project("{2150E333-8FDC-42A3-9474-1A3956D46DE8}") = "AdamsLair.WinForms", "AdamsLair.WinForms", "{2C404B3F-A0FA-40CE-BA47-3C025E4DB754}"
EndProject
Project("{2150E333-8FDC-42A3-9474-1A3956D46DE8}") = "TreeViewAdv", "TreeViewAdv", "{264F1645-4568-49F9-98B4-C4D82D6624BB}"
EndProject
Project("{FAE04EC0-301F-11D3-BF4B-00C04F79EFBC}") = "Aga.Controls", "TreeViewAdv\Aga.Controls\Aga.Controls.csproj", "{E73BB233-D88B-44A7-A98F-D71EE158381D}"
EndProject
Project("{FAE04EC0-301F-11D3-BF4B-00C04F79EFBC}") = "TestApp", "TreeViewAdv\TestApp\TestApp.csproj", "{55F35829-D4B1-4368-83D7-4F72628CA0D3}"
EndProject
Project("{2150E333-8FDC-42A3-9474-1A3956D46DE8}") = "OpenTK Libs", "OpenTK Libs", "{71998F0C-886A-464E-9184-F73DF0C08D84}"
EndProject
Project("{FAE04EC0-301F-11D3-BF4B-00C04F79EFBC}") = "OpenTK", "OpenTK\Source\OpenTK\OpenTK.csproj", "{A37A7E14-0000-0000-0000-000000000000}"
	ProjectSection(ProjectDependencies) = postProject
		{C426C9D1-8857-4E52-BAC7-4C05EE6070AB} = {C426C9D1-8857-4E52-BAC7-4C05EE6070AB}
	EndProjectSection
EndProject
Project("{FAE04EC0-301F-11D3-BF4B-00C04F79EFBC}") = "OpenTK.GLControl", "OpenTK\Source\GLControl\OpenTK.GLControl.csproj", "{A625BE88-0000-0000-0000-000000000000}"
EndProject
Project("{FAE04EC0-301F-11D3-BF4B-00C04F79EFBC}") = "Generator.Rewrite", "OpenTK\Source\Generator.Rewrite\Generator.Rewrite.csproj", "{C426C9D1-8857-4E52-BAC7-4C05EE6070AB}"
EndProject
Project("{FAE04EC0-301F-11D3-BF4B-00C04F79EFBC}") = "NVorbis", "NVorbis\NVorbis\NVorbis.csproj", "{A372E591-DFEF-49C4-9C82-98C4361EFCCD}"
EndProject
Project("{FAE04EC0-301F-11D3-BF4B-00C04F79EFBC}") = "FarseerDuality", "FarseerDuality\FarseerDuality.csproj", "{AC4AD95C-B497-4466-AC90-CF9260279400}"
EndProject
Project("{FAE04EC0-301F-11D3-BF4B-00C04F79EFBC}") = "AdamsLair.WinForms", "AdamsLair.WinForms\WinForms\AdamsLair.WinForms.csproj", "{44E2FD11-C687-41ED-B72F-1A4C92479EDC}"
EndProject
Project("{FAE04EC0-301F-11D3-BF4B-00C04F79EFBC}") = "TestApp", "AdamsLair.WinForms\TestApp\TestApp.csproj", "{B94AF907-0915-4430-BC49-05BA5091D2AB}"
EndProject
Project("{2150E333-8FDC-42A3-9474-1A3956D46DE8}") = "DockPanelSuite", "DockPanelSuite", "{DED72E92-D5E2-46CA-A240-F3AE2B573A22}"
EndProject
Global
	GlobalSection(SolutionConfigurationPlatforms) = preSolution
		Debug|Any CPU = Debug|Any CPU
		Release|Any CPU = Release|Any CPU
	EndGlobalSection
	GlobalSection(ProjectConfigurationPlatforms) = postSolution
		{C75532C4-765B-418E-B09B-46D36B2ABDB1}.Debug|Any CPU.ActiveCfg = Debug|Any CPU
		{C75532C4-765B-418E-B09B-46D36B2ABDB1}.Debug|Any CPU.Build.0 = Debug|Any CPU
		{C75532C4-765B-418E-B09B-46D36B2ABDB1}.Release|Any CPU.ActiveCfg = Release|Any CPU
		{C75532C4-765B-418E-B09B-46D36B2ABDB1}.Release|Any CPU.Build.0 = Release|Any CPU
		{9C5AE4B9-23AB-41D1-A8B2-D139E3C17181}.Debug|Any CPU.ActiveCfg = Debug|Any CPU
		{9C5AE4B9-23AB-41D1-A8B2-D139E3C17181}.Debug|Any CPU.Build.0 = Debug|Any CPU
		{9C5AE4B9-23AB-41D1-A8B2-D139E3C17181}.Release|Any CPU.ActiveCfg = Release|Any CPU
		{9C5AE4B9-23AB-41D1-A8B2-D139E3C17181}.Release|Any CPU.Build.0 = Release|Any CPU
		{E73BB233-D88B-44A7-A98F-D71EE158381D}.Debug|Any CPU.ActiveCfg = Debug|Any CPU
		{E73BB233-D88B-44A7-A98F-D71EE158381D}.Debug|Any CPU.Build.0 = Debug|Any CPU
		{E73BB233-D88B-44A7-A98F-D71EE158381D}.Release|Any CPU.ActiveCfg = Release|Any CPU
		{E73BB233-D88B-44A7-A98F-D71EE158381D}.Release|Any CPU.Build.0 = Release|Any CPU
		{55F35829-D4B1-4368-83D7-4F72628CA0D3}.Debug|Any CPU.ActiveCfg = Debug|Any CPU
		{55F35829-D4B1-4368-83D7-4F72628CA0D3}.Debug|Any CPU.Build.0 = Debug|Any CPU
		{55F35829-D4B1-4368-83D7-4F72628CA0D3}.Release|Any CPU.ActiveCfg = Release|Any CPU
		{55F35829-D4B1-4368-83D7-4F72628CA0D3}.Release|Any CPU.Build.0 = Release|Any CPU
		{A37A7E14-0000-0000-0000-000000000000}.Debug|Any CPU.ActiveCfg = Debug|Any CPU
		{A37A7E14-0000-0000-0000-000000000000}.Debug|Any CPU.Build.0 = Debug|Any CPU
		{A37A7E14-0000-0000-0000-000000000000}.Release|Any CPU.ActiveCfg = Release|Any CPU
		{A37A7E14-0000-0000-0000-000000000000}.Release|Any CPU.Build.0 = Release|Any CPU
		{A625BE88-0000-0000-0000-000000000000}.Debug|Any CPU.ActiveCfg = Debug|Any CPU
		{A625BE88-0000-0000-0000-000000000000}.Debug|Any CPU.Build.0 = Debug|Any CPU
		{A625BE88-0000-0000-0000-000000000000}.Release|Any CPU.ActiveCfg = Release|Any CPU
		{A625BE88-0000-0000-0000-000000000000}.Release|Any CPU.Build.0 = Release|Any CPU
		{C426C9D1-8857-4E52-BAC7-4C05EE6070AB}.Debug|Any CPU.ActiveCfg = Debug|Any CPU
		{C426C9D1-8857-4E52-BAC7-4C05EE6070AB}.Debug|Any CPU.Build.0 = Debug|Any CPU
		{C426C9D1-8857-4E52-BAC7-4C05EE6070AB}.Release|Any CPU.ActiveCfg = Release|Any CPU
		{C426C9D1-8857-4E52-BAC7-4C05EE6070AB}.Release|Any CPU.Build.0 = Release|Any CPU
		{A372E591-DFEF-49C4-9C82-98C4361EFCCD}.Debug|Any CPU.ActiveCfg = Debug|Any CPU
		{A372E591-DFEF-49C4-9C82-98C4361EFCCD}.Debug|Any CPU.Build.0 = Debug|Any CPU
		{A372E591-DFEF-49C4-9C82-98C4361EFCCD}.Release|Any CPU.ActiveCfg = Release|Any CPU
		{A372E591-DFEF-49C4-9C82-98C4361EFCCD}.Release|Any CPU.Build.0 = Release|Any CPU
		{AC4AD95C-B497-4466-AC90-CF9260279400}.Debug|Any CPU.ActiveCfg = Debug|Any CPU
		{AC4AD95C-B497-4466-AC90-CF9260279400}.Debug|Any CPU.Build.0 = Debug|Any CPU
		{AC4AD95C-B497-4466-AC90-CF9260279400}.Release|Any CPU.ActiveCfg = Release|Any CPU
		{AC4AD95C-B497-4466-AC90-CF9260279400}.Release|Any CPU.Build.0 = Release|Any CPU
		{44E2FD11-C687-41ED-B72F-1A4C92479EDC}.Debug|Any CPU.ActiveCfg = Debug|Any CPU
		{44E2FD11-C687-41ED-B72F-1A4C92479EDC}.Debug|Any CPU.Build.0 = Debug|Any CPU
		{44E2FD11-C687-41ED-B72F-1A4C92479EDC}.Release|Any CPU.ActiveCfg = Release|Any CPU
		{44E2FD11-C687-41ED-B72F-1A4C92479EDC}.Release|Any CPU.Build.0 = Release|Any CPU
		{B94AF907-0915-4430-BC49-05BA5091D2AB}.Debug|Any CPU.ActiveCfg = Debug|Any CPU
		{B94AF907-0915-4430-BC49-05BA5091D2AB}.Debug|Any CPU.Build.0 = Debug|Any CPU
		{B94AF907-0915-4430-BC49-05BA5091D2AB}.Release|Any CPU.ActiveCfg = Release|Any CPU
		{B94AF907-0915-4430-BC49-05BA5091D2AB}.Release|Any CPU.Build.0 = Release|Any CPU
	EndGlobalSection
	GlobalSection(SolutionProperties) = preSolution
		HideSolutionNode = FALSE
	EndGlobalSection
	GlobalSection(NestedProjects) = preSolution
		{44E2FD11-C687-41ED-B72F-1A4C92479EDC} = {2C404B3F-A0FA-40CE-BA47-3C025E4DB754}
		{B94AF907-0915-4430-BC49-05BA5091D2AB} = {2C404B3F-A0FA-40CE-BA47-3C025E4DB754}
		{E73BB233-D88B-44A7-A98F-D71EE158381D} = {264F1645-4568-49F9-98B4-C4D82D6624BB}
		{55F35829-D4B1-4368-83D7-4F72628CA0D3} = {264F1645-4568-49F9-98B4-C4D82D6624BB}
		{A37A7E14-0000-0000-0000-000000000000} = {71998F0C-886A-464E-9184-F73DF0C08D84}
		{A625BE88-0000-0000-0000-000000000000} = {71998F0C-886A-464E-9184-F73DF0C08D84}
		{C426C9D1-8857-4E52-BAC7-4C05EE6070AB} = {71998F0C-886A-464E-9184-F73DF0C08D84}
		{C75532C4-765B-418E-B09B-46D36B2ABDB1} = {DED72E92-D5E2-46CA-A240-F3AE2B573A22}
	EndGlobalSection
EndGlobal
