
Microsoft Visual Studio Solution File, Format Version 12.00
# Visual Studio Version 16
VisualStudioVersion = 16.0.29911.84
MinimumVisualStudioVersion = 10.0.40219.1
Project("{9A19103F-16F7-4668-BE54-9A1E7A4F7556}") = "GameLauncher", "Duality\GameLauncher\GameLauncher.csproj", "{EB32E368-2C3C-444F-9F7A-C808C03D462E}"
EndProject
Project("{9A19103F-16F7-4668-BE54-9A1E7A4F7556}") = "GameEditor", "Duality\GameEditor\GameEditor.csproj", "{E587311C-714A-4078-ADAE-EC00E8D971CB}"
EndProject
Project("{FAE04EC0-301F-11D3-BF4B-00C04F79EFBC}") = "GamePlugin", "Plugins\GamePlugin\GamePlugin.csproj", "{E77740F1-234A-4B92-B1BC-43AD9EB9BA03}"
EndProject
Project("{2150E333-8FDC-42A3-9474-1A3956D46DE8}") = "Plugins", "Plugins", "{F75B2813-797D-44A5-A301-331C229992C7}"
EndProject
Global
	GlobalSection(SolutionConfigurationPlatforms) = preSolution
		Debug|Any CPU = Debug|Any CPU
		Release|Any CPU = Release|Any CPU
	EndGlobalSection
	GlobalSection(ProjectConfigurationPlatforms) = postSolution
		{EB32E368-2C3C-444F-9F7A-C808C03D462E}.Debug|Any CPU.ActiveCfg = Debug|Any CPU
		{EB32E368-2C3C-444F-9F7A-C808C03D462E}.Debug|Any CPU.Build.0 = Debug|Any CPU
		{EB32E368-2C3C-444F-9F7A-C808C03D462E}.Release|Any CPU.ActiveCfg = Release|Any CPU
		{EB32E368-2C3C-444F-9F7A-C808C03D462E}.Release|Any CPU.Build.0 = Release|Any CPU
		{E587311C-714A-4078-ADAE-EC00E8D971CB}.Debug|Any CPU.ActiveCfg = Debug|Any CPU
		{E587311C-714A-4078-ADAE-EC00E8D971CB}.Debug|Any CPU.Build.0 = Debug|Any CPU
		{E587311C-714A-4078-ADAE-EC00E8D971CB}.Release|Any CPU.ActiveCfg = Release|Any CPU
		{E587311C-714A-4078-ADAE-EC00E8D971CB}.Release|Any CPU.Build.0 = Release|Any CPU
		{E77740F1-234A-4B92-B1BC-43AD9EB9BA03}.Debug|Any CPU.ActiveCfg = Debug|Any CPU
		{E77740F1-234A-4B92-B1BC-43AD9EB9BA03}.Debug|Any CPU.Build.0 = Debug|Any CPU
		{E77740F1-234A-4B92-B1BC-43AD9EB9BA03}.Release|Any CPU.ActiveCfg = Release|Any CPU
		{E77740F1-234A-4B92-B1BC-43AD9EB9BA03}.Release|Any CPU.Build.0 = Release|Any CPU
	EndGlobalSection
	GlobalSection(SolutionProperties) = preSolution
		HideSolutionNode = FALSE
	EndGlobalSection
	GlobalSection(NestedProjects) = preSolution
		{E77740F1-234A-4B92-B1BC-43AD9EB9BA03} = {F75B2813-797D-44A5-A301-331C229992C7}
	EndGlobalSection
	GlobalSection(ExtensibilityGlobals) = postSolution
		SolutionGuid = {3678251F-E0BD-439B-9C29-8FB5513B3241}
	EndGlobalSection
EndGlobal
